
Microsoft Visual Studio Solution File, Format Version 12.00
# Visual Studio Version 16
VisualStudioVersion = 16.0.31025.218
MinimumVisualStudioVersion = 10.0.40219.1
Project("{2150E333-8FDC-42A3-9474-1A3956D46DE8}") = "src", "src", "{8068B918-4873-4A7A-ACF8-F21A8E6E949C}"
EndProject
Project("{2150E333-8FDC-42A3-9474-1A3956D46DE8}") = "samples", "samples", "{FDB7EA45-C507-4F19-9E48-0A44029009F6}"
EndProject
Project("{9A19103F-16F7-4668-BE54-9A1E7A4F7556}") = "Rainbow.MultiTenancy.Samples", "samples\Rainbow.MultiTenancy.Samples\Rainbow.MultiTenancy.Samples.csproj", "{B87ADA31-A4AD-468C-A19B-E29060B52790}"
EndProject
Project("{9A19103F-16F7-4668-BE54-9A1E7A4F7556}") = "Rainbow.MultiTenancy.Abstractions", "src\Rainbow.MultiTenancy.Abstractions\Rainbow.MultiTenancy.Abstractions.csproj", "{A9B28FAB-83B9-4739-A228-6748579CEC43}"
EndProject
Project("{9A19103F-16F7-4668-BE54-9A1E7A4F7556}") = "Rainbow.MultiTenancy.Core", "src\Rainbow.MultiTenancy.Core\Rainbow.MultiTenancy.Core.csproj", "{C551BC49-D57E-438F-9B0F-0871DF01C7DB}"
EndProject
Project("{9A19103F-16F7-4668-BE54-9A1E7A4F7556}") = "Rainbow.MultiTenancy.AspNetCore", "src\Rainbow.MultiTenancy.AspNetCore\Rainbow.MultiTenancy.AspNetCore.csproj", "{7DAFC9E4-2519-45C0-A97F-2A484CEA9A6B}"
EndProject
Project("{9A19103F-16F7-4668-BE54-9A1E7A4F7556}") = "Rainbow.MultiTenancy.EntityFrameworkCore", "src\Rainbow.MultiTenancy.EntityFrameworkCore\Rainbow.MultiTenancy.EntityFrameworkCore.csproj", "{0722201D-6FC6-4979-B14F-E679D79B8205}"
EndProject
Project("{9A19103F-16F7-4668-BE54-9A1E7A4F7556}") = "Rainbow.MultiTenancy.Extensions.Identity.Stores", "src\Rainbow.MultiTenancy.Extensions.Identity.Stores\Rainbow.MultiTenancy.Extensions.Identity.Stores.csproj", "{904E405D-F4E5-4077-BA61-E51CDE08C7D2}"
EndProject
Project("{9A19103F-16F7-4668-BE54-9A1E7A4F7556}") = "Rainbow.MultiTenancy.Extensions.Identity.Core", "src\Rainbow.MultiTenancy.Extensions.Identity.Core\Rainbow.MultiTenancy.Extensions.Identity.Core.csproj", "{609C9283-2793-4D1D-9A20-23A2BAAE5A42}"
EndProject
Project("{9A19103F-16F7-4668-BE54-9A1E7A4F7556}") = "Rainbow.MultiTenancy.AspNetCore.Identity.EntityFrameworkCore", "src\Rainbow.MultiTenancy.AspNetCore.Identity.EntityFrameworkCore\Rainbow.MultiTenancy.AspNetCore.Identity.EntityFrameworkCore.csproj", "{88E507CC-F0A4-42A6-A703-05DB606745B1}"
EndProject
Project("{2150E333-8FDC-42A3-9474-1A3956D46DE8}") = "identity", "identity", "{9118ED7C-863C-4F6D-AFDA-FF90985E415B}"
EndProject
Project("{2150E333-8FDC-42A3-9474-1A3956D46DE8}") = "test", "test", "{51635DF8-7120-47C6-81B8-067F65B06FD2}"
EndProject
Project("{9A19103F-16F7-4668-BE54-9A1E7A4F7556}") = "Rainbow.MultiTenancy.AspNetCore.Test", "test\Rainbow.MultiTenancy.AspNetCore.Test\Rainbow.MultiTenancy.AspNetCore.Test.csproj", "{AA93C49D-7C6D-491B-BBCB-E0E89B8CB359}"
EndProject
Project("{9A19103F-16F7-4668-BE54-9A1E7A4F7556}") = "Rainbow.MultiTenancy.IdentityServerSamples", "samples\Rainbow.MultiTenancy.IdentityServerSamples\Rainbow.MultiTenancy.IdentityServerSamples.csproj", "{E271BA61-7F25-4A67-A5F1-381AB97B987A}"
EndProject
Project("{9A19103F-16F7-4668-BE54-9A1E7A4F7556}") = "Rainbow.MultiTenancy.AspNetCore.Identity.UI", "src\Rainbow.MultiTenancy.AspNetCore.Identity.UI\Rainbow.MultiTenancy.AspNetCore.Identity.UI.csproj", "{5D9A2557-FE91-49AF-8CB9-5D4AA6ED7962}"
EndProject
Project("{2150E333-8FDC-42A3-9474-1A3956D46DE8}") = "identityServer", "identityServer", "{1F96C7E9-6743-4D3D-B029-5E8EB717132B}"
EndProject
Project("{9A19103F-16F7-4668-BE54-9A1E7A4F7556}") = "Rainbow.MultiTenancy.AspNetCore.ApiAuthorization.IdentityServer", "src\Rainbow.MultiTenancy.AspNetCore.ApiAuthorization.IdentityServer\Rainbow.MultiTenancy.AspNetCore.ApiAuthorization.IdentityServer.csproj", "{AADF8AB4-E0A0-4F9E-90F5-9004E9322D7F}"
EndProject
Project("{9A19103F-16F7-4668-BE54-9A1E7A4F7556}") = "Rainbow.MultiTenancy.IdentityServer4", "src\Rainbow.MultiTenancy.IdentityServer4\Rainbow.MultiTenancy.IdentityServer4.csproj", "{7D93A470-C92C-4D10-888E-5DEF567D4D3F}"
EndProject
Project("{9A19103F-16F7-4668-BE54-9A1E7A4F7556}") = "Rainbow.MultiTenancy.IdentityServerRemoteSPA", "samples\Rainbow.MultiTenancy.IdentityServerRemoteSPA\Rainbow.MultiTenancy.IdentityServerRemoteSPA.csproj", "{D7F4CBD1-FE9C-45CF-973C-6D0B0AF059E3}"
EndProject
Project("{FAE04EC0-301F-11D3-BF4B-00C04F79EFBC}") = "Rainbow.MultiTenancy.IdentityServer4.AspNetIdentity", "src\Rainbow.MultiTenancy.IdentityServer4.AspNetIdentity\Rainbow.MultiTenancy.IdentityServer4.AspNetIdentity.csproj", "{6615EF20-16AE-4654-B91E-F331959AFB5C}"
EndProject
Project("{FAE04EC0-301F-11D3-BF4B-00C04F79EFBC}") = "Rainbow.MultiTenancy.ServiceSamples", "samples\Rainbow.MultiTenancy.ServiceSamples\Rainbow.MultiTenancy.ServiceSamples.csproj", "{DEAAD90E-2EAA-432F-A3D7-08671553EC99}"
EndProject
Global
	GlobalSection(SolutionConfigurationPlatforms) = preSolution
		Debug|Any CPU = Debug|Any CPU
		Release|Any CPU = Release|Any CPU
	EndGlobalSection
	GlobalSection(ProjectConfigurationPlatforms) = postSolution
		{B87ADA31-A4AD-468C-A19B-E29060B52790}.Debug|Any CPU.ActiveCfg = Debug|Any CPU
		{B87ADA31-A4AD-468C-A19B-E29060B52790}.Debug|Any CPU.Build.0 = Debug|Any CPU
		{B87ADA31-A4AD-468C-A19B-E29060B52790}.Release|Any CPU.ActiveCfg = Release|Any CPU
		{B87ADA31-A4AD-468C-A19B-E29060B52790}.Release|Any CPU.Build.0 = Release|Any CPU
		{A9B28FAB-83B9-4739-A228-6748579CEC43}.Debug|Any CPU.ActiveCfg = Debug|Any CPU
		{A9B28FAB-83B9-4739-A228-6748579CEC43}.Debug|Any CPU.Build.0 = Debug|Any CPU
		{A9B28FAB-83B9-4739-A228-6748579CEC43}.Release|Any CPU.ActiveCfg = Release|Any CPU
		{A9B28FAB-83B9-4739-A228-6748579CEC43}.Release|Any CPU.Build.0 = Release|Any CPU
		{C551BC49-D57E-438F-9B0F-0871DF01C7DB}.Debug|Any CPU.ActiveCfg = Debug|Any CPU
		{C551BC49-D57E-438F-9B0F-0871DF01C7DB}.Debug|Any CPU.Build.0 = Debug|Any CPU
		{C551BC49-D57E-438F-9B0F-0871DF01C7DB}.Release|Any CPU.ActiveCfg = Release|Any CPU
		{C551BC49-D57E-438F-9B0F-0871DF01C7DB}.Release|Any CPU.Build.0 = Release|Any CPU
		{7DAFC9E4-2519-45C0-A97F-2A484CEA9A6B}.Debug|Any CPU.ActiveCfg = Debug|Any CPU
		{7DAFC9E4-2519-45C0-A97F-2A484CEA9A6B}.Debug|Any CPU.Build.0 = Debug|Any CPU
		{7DAFC9E4-2519-45C0-A97F-2A484CEA9A6B}.Release|Any CPU.ActiveCfg = Release|Any CPU
		{7DAFC9E4-2519-45C0-A97F-2A484CEA9A6B}.Release|Any CPU.Build.0 = Release|Any CPU
		{0722201D-6FC6-4979-B14F-E679D79B8205}.Debug|Any CPU.ActiveCfg = Debug|Any CPU
		{0722201D-6FC6-4979-B14F-E679D79B8205}.Debug|Any CPU.Build.0 = Debug|Any CPU
		{0722201D-6FC6-4979-B14F-E679D79B8205}.Release|Any CPU.ActiveCfg = Release|Any CPU
		{0722201D-6FC6-4979-B14F-E679D79B8205}.Release|Any CPU.Build.0 = Release|Any CPU
		{904E405D-F4E5-4077-BA61-E51CDE08C7D2}.Debug|Any CPU.ActiveCfg = Debug|Any CPU
		{904E405D-F4E5-4077-BA61-E51CDE08C7D2}.Debug|Any CPU.Build.0 = Debug|Any CPU
		{904E405D-F4E5-4077-BA61-E51CDE08C7D2}.Release|Any CPU.ActiveCfg = Release|Any CPU
		{904E405D-F4E5-4077-BA61-E51CDE08C7D2}.Release|Any CPU.Build.0 = Release|Any CPU
		{609C9283-2793-4D1D-9A20-23A2BAAE5A42}.Debug|Any CPU.ActiveCfg = Debug|Any CPU
		{609C9283-2793-4D1D-9A20-23A2BAAE5A42}.Debug|Any CPU.Build.0 = Debug|Any CPU
		{609C9283-2793-4D1D-9A20-23A2BAAE5A42}.Release|Any CPU.ActiveCfg = Release|Any CPU
		{609C9283-2793-4D1D-9A20-23A2BAAE5A42}.Release|Any CPU.Build.0 = Release|Any CPU
		{88E507CC-F0A4-42A6-A703-05DB606745B1}.Debug|Any CPU.ActiveCfg = Debug|Any CPU
		{88E507CC-F0A4-42A6-A703-05DB606745B1}.Debug|Any CPU.Build.0 = Debug|Any CPU
		{88E507CC-F0A4-42A6-A703-05DB606745B1}.Release|Any CPU.ActiveCfg = Release|Any CPU
		{88E507CC-F0A4-42A6-A703-05DB606745B1}.Release|Any CPU.Build.0 = Release|Any CPU
		{AA93C49D-7C6D-491B-BBCB-E0E89B8CB359}.Debug|Any CPU.ActiveCfg = Debug|Any CPU
		{AA93C49D-7C6D-491B-BBCB-E0E89B8CB359}.Debug|Any CPU.Build.0 = Debug|Any CPU
		{AA93C49D-7C6D-491B-BBCB-E0E89B8CB359}.Release|Any CPU.ActiveCfg = Release|Any CPU
		{AA93C49D-7C6D-491B-BBCB-E0E89B8CB359}.Release|Any CPU.Build.0 = Release|Any CPU
		{E271BA61-7F25-4A67-A5F1-381AB97B987A}.Debug|Any CPU.ActiveCfg = Debug|Any CPU
		{E271BA61-7F25-4A67-A5F1-381AB97B987A}.Debug|Any CPU.Build.0 = Debug|Any CPU
		{E271BA61-7F25-4A67-A5F1-381AB97B987A}.Release|Any CPU.ActiveCfg = Release|Any CPU
		{E271BA61-7F25-4A67-A5F1-381AB97B987A}.Release|Any CPU.Build.0 = Release|Any CPU
		{5D9A2557-FE91-49AF-8CB9-5D4AA6ED7962}.Debug|Any CPU.ActiveCfg = Debug|Any CPU
		{5D9A2557-FE91-49AF-8CB9-5D4AA6ED7962}.Debug|Any CPU.Build.0 = Debug|Any CPU
		{5D9A2557-FE91-49AF-8CB9-5D4AA6ED7962}.Release|Any CPU.ActiveCfg = Release|Any CPU
		{5D9A2557-FE91-49AF-8CB9-5D4AA6ED7962}.Release|Any CPU.Build.0 = Release|Any CPU
		{AADF8AB4-E0A0-4F9E-90F5-9004E9322D7F}.Debug|Any CPU.ActiveCfg = Debug|Any CPU
		{AADF8AB4-E0A0-4F9E-90F5-9004E9322D7F}.Debug|Any CPU.Build.0 = Debug|Any CPU
		{AADF8AB4-E0A0-4F9E-90F5-9004E9322D7F}.Release|Any CPU.ActiveCfg = Release|Any CPU
		{AADF8AB4-E0A0-4F9E-90F5-9004E9322D7F}.Release|Any CPU.Build.0 = Release|Any CPU
		{7D93A470-C92C-4D10-888E-5DEF567D4D3F}.Debug|Any CPU.ActiveCfg = Debug|Any CPU
		{7D93A470-C92C-4D10-888E-5DEF567D4D3F}.Debug|Any CPU.Build.0 = Debug|Any CPU
		{7D93A470-C92C-4D10-888E-5DEF567D4D3F}.Release|Any CPU.ActiveCfg = Release|Any CPU
		{7D93A470-C92C-4D10-888E-5DEF567D4D3F}.Release|Any CPU.Build.0 = Release|Any CPU
		{D7F4CBD1-FE9C-45CF-973C-6D0B0AF059E3}.Debug|Any CPU.ActiveCfg = Debug|Any CPU
		{D7F4CBD1-FE9C-45CF-973C-6D0B0AF059E3}.Debug|Any CPU.Build.0 = Debug|Any CPU
		{D7F4CBD1-FE9C-45CF-973C-6D0B0AF059E3}.Release|Any CPU.ActiveCfg = Release|Any CPU
		{D7F4CBD1-FE9C-45CF-973C-6D0B0AF059E3}.Release|Any CPU.Build.0 = Release|Any CPU
		{6615EF20-16AE-4654-B91E-F331959AFB5C}.Debug|Any CPU.ActiveCfg = Debug|Any CPU
		{6615EF20-16AE-4654-B91E-F331959AFB5C}.Debug|Any CPU.Build.0 = Debug|Any CPU
		{6615EF20-16AE-4654-B91E-F331959AFB5C}.Release|Any CPU.ActiveCfg = Release|Any CPU
		{6615EF20-16AE-4654-B91E-F331959AFB5C}.Release|Any CPU.Build.0 = Release|Any CPU
		{DEAAD90E-2EAA-432F-A3D7-08671553EC99}.Debug|Any CPU.ActiveCfg = Debug|Any CPU
		{DEAAD90E-2EAA-432F-A3D7-08671553EC99}.Debug|Any CPU.Build.0 = Debug|Any CPU
		{DEAAD90E-2EAA-432F-A3D7-08671553EC99}.Release|Any CPU.ActiveCfg = Release|Any CPU
		{DEAAD90E-2EAA-432F-A3D7-08671553EC99}.Release|Any CPU.Build.0 = Release|Any CPU
	EndGlobalSection
	GlobalSection(SolutionProperties) = preSolution
		HideSolutionNode = FALSE
	EndGlobalSection
	GlobalSection(NestedProjects) = preSolution
		{B87ADA31-A4AD-468C-A19B-E29060B52790} = {FDB7EA45-C507-4F19-9E48-0A44029009F6}
		{A9B28FAB-83B9-4739-A228-6748579CEC43} = {8068B918-4873-4A7A-ACF8-F21A8E6E949C}
		{C551BC49-D57E-438F-9B0F-0871DF01C7DB} = {8068B918-4873-4A7A-ACF8-F21A8E6E949C}
		{7DAFC9E4-2519-45C0-A97F-2A484CEA9A6B} = {8068B918-4873-4A7A-ACF8-F21A8E6E949C}
		{0722201D-6FC6-4979-B14F-E679D79B8205} = {8068B918-4873-4A7A-ACF8-F21A8E6E949C}
		{904E405D-F4E5-4077-BA61-E51CDE08C7D2} = {9118ED7C-863C-4F6D-AFDA-FF90985E415B}
		{609C9283-2793-4D1D-9A20-23A2BAAE5A42} = {9118ED7C-863C-4F6D-AFDA-FF90985E415B}
		{88E507CC-F0A4-42A6-A703-05DB606745B1} = {9118ED7C-863C-4F6D-AFDA-FF90985E415B}
		{9118ED7C-863C-4F6D-AFDA-FF90985E415B} = {8068B918-4873-4A7A-ACF8-F21A8E6E949C}
		{AA93C49D-7C6D-491B-BBCB-E0E89B8CB359} = {51635DF8-7120-47C6-81B8-067F65B06FD2}
		{E271BA61-7F25-4A67-A5F1-381AB97B987A} = {FDB7EA45-C507-4F19-9E48-0A44029009F6}
		{5D9A2557-FE91-49AF-8CB9-5D4AA6ED7962} = {9118ED7C-863C-4F6D-AFDA-FF90985E415B}
		{1F96C7E9-6743-4D3D-B029-5E8EB717132B} = {8068B918-4873-4A7A-ACF8-F21A8E6E949C}
		{AADF8AB4-E0A0-4F9E-90F5-9004E9322D7F} = {1F96C7E9-6743-4D3D-B029-5E8EB717132B}
		{7D93A470-C92C-4D10-888E-5DEF567D4D3F} = {1F96C7E9-6743-4D3D-B029-5E8EB717132B}
		{D7F4CBD1-FE9C-45CF-973C-6D0B0AF059E3} = {FDB7EA45-C507-4F19-9E48-0A44029009F6}
		{6615EF20-16AE-4654-B91E-F331959AFB5C} = {1F96C7E9-6743-4D3D-B029-5E8EB717132B}
		{DEAAD90E-2EAA-432F-A3D7-08671553EC99} = {FDB7EA45-C507-4F19-9E48-0A44029009F6}
	EndGlobalSection
	GlobalSection(ExtensibilityGlobals) = postSolution
		SolutionGuid = {1A2306A4-AE55-424D-B8E0-B2054FB8D07E}
	EndGlobalSection
EndGlobal
